
Microsoft Visual Studio Solution File, Format Version 12.00
# Visual Studio Version 17
VisualStudioVersion = 17.5.002.0
MinimumVisualStudioVersion = 10.0.40219.1
Project("{9A19103F-16F7-4668-BE54-9A1E7A4F7556}") = "ModernCSharpFeatures", "ModernCSharpFeatures.csproj", "{CBC01881-243E-4643-BF14-9EA060FD9CAB}"
EndProject
Global
	GlobalSection(SolutionConfigurationPlatforms) = preSolution
		Debug|Any CPU = Debug|Any CPU
		Release|Any CPU = Release|Any CPU
	EndGlobalSection
	GlobalSection(ProjectConfigurationPlatforms) = postSolution
		{CBC01881-243E-4643-BF14-9EA060FD9CAB}.Debug|Any CPU.ActiveCfg = Debug|Any CPU
		{CBC01881-243E-4643-BF14-9EA060FD9CAB}.Debug|Any CPU.Build.0 = Debug|Any CPU
		{CBC01881-243E-4643-BF14-9EA060FD9CAB}.Release|Any CPU.ActiveCfg = Release|Any CPU
		{CBC01881-243E-4643-BF14-9EA060FD9CAB}.Release|Any CPU.Build.0 = Release|Any CPU
	EndGlobalSection
	GlobalSection(SolutionProperties) = preSolution
		HideSolutionNode = FALSE
	EndGlobalSection
	GlobalSection(ExtensibilityGlobals) = postSolution
		SolutionGuid = {870F064A-417E-43DC-859C-81FC0863C482}
	EndGlobalSection
EndGlobal
